
Microsoft Visual Studio Solution File, Format Version 12.00
# Visual Studio 15
Project("{FAE04EC0-301F-11D3-BF4B-00C04F79EFBC}") = "Glorychess", "Glorychess.csproj", "{A9E3E2D6-CAF4-1BB3-60E5-1CF51E2BC525}"
EndProject
Global
	GlobalSection(SolutionConfigurationPlatforms) = preSolution
		Debug|Any CPU = Debug|Any CPU
		Release|Any CPU = Release|Any CPU
	EndGlobalSection
	GlobalSection(ProjectConfigurationPlatforms) = postSolution
		{A9E3E2D6-CAF4-1BB3-60E5-1CF51E2BC525}.Debug|Any CPU.ActiveCfg = Debug|Any CPU
		{A9E3E2D6-CAF4-1BB3-60E5-1CF51E2BC525}.Debug|Any CPU.Build.0 = Debug|Any CPU
		{A9E3E2D6-CAF4-1BB3-60E5-1CF51E2BC525}.Release|Any CPU.ActiveCfg = Release|Any CPU
		{A9E3E2D6-CAF4-1BB3-60E5-1CF51E2BC525}.Release|Any CPU.Build.0 = Release|Any CPU
	EndGlobalSection
	GlobalSection(SolutionProperties) = preSolution
		HideSolutionNode = FALSE
	EndGlobalSection
EndGlobal
